// !$*UTF8*$!
{
	archiveVersion = 1;
	classes = {
	};
	objectVersion = 55;
	objects = {

/* Begin PBXBuildFile section */
		4392F49727C8847C002F56D2 /* UnlockedScreenView.swift in Sources */ = {isa = PBXBuildFile; fileRef = 4392F49627C8847C002F56D2 /* UnlockedScreenView.swift */; };
		4392F49A27D3FDD9002F56D2 /* NotificationView.swift in Sources */ = {isa = PBXBuildFile; fileRef = 4392F49927D3FDD9002F56D2 /* NotificationView.swift */; };
		43B8CB0C27BDFB6600383985 /* Old_LockScreenApp.swift in Sources */ = {isa = PBXBuildFile; fileRef = 43B8CB0B27BDFB6600383985 /* Old_LockScreenApp.swift */; };
		43B8CB0E27BDFB6600383985 /* ContentView.swift in Sources */ = {isa = PBXBuildFile; fileRef = 43B8CB0D27BDFB6600383985 /* ContentView.swift */; };
		43B8CB1027BDFB6800383985 /* Assets.xcassets in Resources */ = {isa = PBXBuildFile; fileRef = 43B8CB0F27BDFB6800383985 /* Assets.xcassets */; };
		43B8CB1327BDFB6900383985 /* Preview Assets.xcassets in Resources */ = {isa = PBXBuildFile; fileRef = 43B8CB1227BDFB6800383985 /* Preview Assets.xcassets */; };
		43B8CB1D27BDFB6900383985 /* Old_LockScreenTests.swift in Sources */ = {isa = PBXBuildFile; fileRef = 43B8CB1C27BDFB6900383985 /* Old_LockScreenTests.swift */; };
		43B8CB2727BDFB6900383985 /* Old_LockScreenUITests.swift in Sources */ = {isa = PBXBuildFile; fileRef = 43B8CB2627BDFB6900383985 /* Old_LockScreenUITests.swift */; };
		43B8CB2927BDFB6900383985 /* Old_LockScreenUITestsLaunchTests.swift in Sources */ = {isa = PBXBuildFile; fileRef = 43B8CB2827BDFB6900383985 /* Old_LockScreenUITestsLaunchTests.swift */; };
		43B8CB3B27BE047C00383985 /* GetTime.swift in Sources */ = {isa = PBXBuildFile; fileRef = 43B8CB3A27BE047C00383985 /* GetTime.swift */; };
/* End PBXBuildFile section */

/* Begin PBXContainerItemProxy section */
		43B8CB1927BDFB6900383985 /* PBXContainerItemProxy */ = {
			isa = PBXContainerItemProxy;
			containerPortal = 43B8CB0027BDFB6600383985 /* Project object */;
			proxyType = 1;
			remoteGlobalIDString = 43B8CB0727BDFB6600383985;
			remoteInfo = "Old LockScreen";
		};
		43B8CB2327BDFB6900383985 /* PBXContainerItemProxy */ = {
			isa = PBXContainerItemProxy;
			containerPortal = 43B8CB0027BDFB6600383985 /* Project object */;
			proxyType = 1;
			remoteGlobalIDString = 43B8CB0727BDFB6600383985;
			remoteInfo = "Old LockScreen";
		};
/* End PBXContainerItemProxy section */

/* Begin PBXFileReference section */
		4392F49627C8847C002F56D2 /* UnlockedScreenView.swift */ = {isa = PBXFileReference; lastKnownFileType = sourcecode.swift; path = UnlockedScreenView.swift; sourceTree = "<group>"; };
		4392F49827CC13F9002F56D2 /* README.md */ = {isa = PBXFileReference; lastKnownFileType = net.daringfireball.markdown; path = README.md; sourceTree = "<group>"; };
		4392F49927D3FDD9002F56D2 /* NotificationView.swift */ = {isa = PBXFileReference; lastKnownFileType = sourcecode.swift; path = NotificationView.swift; sourceTree = "<group>"; };
		43B8CB0827BDFB6600383985 /* Old LockScreen.app */ = {isa = PBXFileReference; explicitFileType = wrapper.application; includeInIndex = 0; path = "Old LockScreen.app"; sourceTree = BUILT_PRODUCTS_DIR; };
		43B8CB0B27BDFB6600383985 /* Old_LockScreenApp.swift */ = {isa = PBXFileReference; lastKnownFileType = sourcecode.swift; path = Old_LockScreenApp.swift; sourceTree = "<group>"; };
		43B8CB0D27BDFB6600383985 /* ContentView.swift */ = {isa = PBXFileReference; lastKnownFileType = sourcecode.swift; path = ContentView.swift; sourceTree = "<group>"; };
		43B8CB0F27BDFB6800383985 /* Assets.xcassets */ = {isa = PBXFileReference; lastKnownFileType = folder.assetcatalog; path = Assets.xcassets; sourceTree = "<group>"; };
		43B8CB1227BDFB6800383985 /* Preview Assets.xcassets */ = {isa = PBXFileReference; lastKnownFileType = folder.assetcatalog; path = "Preview Assets.xcassets"; sourceTree = "<group>"; };
		43B8CB1827BDFB6900383985 /* Old LockScreenTests.xctest */ = {isa = PBXFileReference; explicitFileType = wrapper.cfbundle; includeInIndex = 0; path = "Old LockScreenTests.xctest"; sourceTree = BUILT_PRODUCTS_DIR; };
		43B8CB1C27BDFB6900383985 /* Old_LockScreenTests.swift */ = {isa = PBXFileReference; lastKnownFileType = sourcecode.swift; path = Old_LockScreenTests.swift; sourceTree = "<group>"; };
		43B8CB2227BDFB6900383985 /* Old LockScreenUITests.xctest */ = {isa = PBXFileReference; explicitFileType = wrapper.cfbundle; includeInIndex = 0; path = "Old LockScreenUITests.xctest"; sourceTree = BUILT_PRODUCTS_DIR; };
		43B8CB2627BDFB6900383985 /* Old_LockScreenUITests.swift */ = {isa = PBXFileReference; lastKnownFileType = sourcecode.swift; path = Old_LockScreenUITests.swift; sourceTree = "<group>"; };
		43B8CB2827BDFB6900383985 /* Old_LockScreenUITestsLaunchTests.swift */ = {isa = PBXFileReference; lastKnownFileType = sourcecode.swift; path = Old_LockScreenUITestsLaunchTests.swift; sourceTree = "<group>"; };
		43B8CB3A27BE047C00383985 /* GetTime.swift */ = {isa = PBXFileReference; lastKnownFileType = sourcecode.swift; path = GetTime.swift; sourceTree = "<group>"; };
/* End PBXFileReference section */

/* Begin PBXFrameworksBuildPhase section */
		43B8CB0527BDFB6600383985 /* Frameworks */ = {
			isa = PBXFrameworksBuildPhase;
			buildActionMask = 2147483647;
			files = (
			);
			runOnlyForDeploymentPostprocessing = 0;
		};
		43B8CB1527BDFB6900383985 /* Frameworks */ = {
			isa = PBXFrameworksBuildPhase;
			buildActionMask = 2147483647;
			files = (
			);
			runOnlyForDeploymentPostprocessing = 0;
		};
		43B8CB1F27BDFB6900383985 /* Frameworks */ = {
			isa = PBXFrameworksBuildPhase;
			buildActionMask = 2147483647;
			files = (
			);
			runOnlyForDeploymentPostprocessing = 0;
		};
/* End PBXFrameworksBuildPhase section */

/* Begin PBXGroup section */
		43B8CAFF27BDFB6600383985 = {
			isa = PBXGroup;
			children = (
				4392F49827CC13F9002F56D2 /* README.md */,
				43B8CB0A27BDFB6600383985 /* Old LockScreen */,
				43B8CB1B27BDFB6900383985 /* Old LockScreenTests */,
				43B8CB2527BDFB6900383985 /* Old LockScreenUITests */,
				43B8CB0927BDFB6600383985 /* Products */,
			);
			sourceTree = "<group>";
		};
		43B8CB0927BDFB6600383985 /* Products */ = {
			isa = PBXGroup;
			children = (
				43B8CB0827BDFB6600383985 /* Old LockScreen.app */,
				43B8CB1827BDFB6900383985 /* Old LockScreenTests.xctest */,
				43B8CB2227BDFB6900383985 /* Old LockScreenUITests.xctest */,
			);
			name = Products;
			sourceTree = "<group>";
		};
		43B8CB0A27BDFB6600383985 /* Old LockScreen */ = {
			isa = PBXGroup;
			children = (
				43B8CB3827BDFD6300383985 /* Views */,
				43B8CB3527BDFD0300383985 /* Utilities */,
				43B8CB0B27BDFB6600383985 /* Old_LockScreenApp.swift */,
				43B8CB3927BDFF0400383985 /* Screens */,
				43B8CB0F27BDFB6800383985 /* Assets.xcassets */,
				43B8CB1127BDFB6800383985 /* Preview Content */,
			);
			path = "Old LockScreen";
			sourceTree = "<group>";
		};
		43B8CB1127BDFB6800383985 /* Preview Content */ = {
			isa = PBXGroup;
			children = (
				43B8CB1227BDFB6800383985 /* Preview Assets.xcassets */,
			);
			path = "Preview Content";
			sourceTree = "<group>";
		};
		43B8CB1B27BDFB6900383985 /* Old LockScreenTests */ = {
			isa = PBXGroup;
			children = (
				43B8CB1C27BDFB6900383985 /* Old_LockScreenTests.swift */,
			);
			path = "Old LockScreenTests";
			sourceTree = "<group>";
		};
		43B8CB2527BDFB6900383985 /* Old LockScreenUITests */ = {
			isa = PBXGroup;
			children = (
				43B8CB2627BDFB6900383985 /* Old_LockScreenUITests.swift */,
				43B8CB2827BDFB6900383985 /* Old_LockScreenUITestsLaunchTests.swift */,
			);
			path = "Old LockScreenUITests";
			sourceTree = "<group>";
		};
		43B8CB3527BDFD0300383985 /* Utilities */ = {
			isa = PBXGroup;
			children = (
				43B8CB3A27BE047C00383985 /* GetTime.swift */,
			);
			path = Utilities;
			sourceTree = "<group>";
		};
		43B8CB3827BDFD6300383985 /* Views */ = {
			isa = PBXGroup;
			children = (
				4392F49927D3FDD9002F56D2 /* NotificationView.swift */,
			);
			path = Views;
			sourceTree = "<group>";
		};
		43B8CB3927BDFF0400383985 /* Screens */ = {
			isa = PBXGroup;
			children = (
				43B8CB0D27BDFB6600383985 /* ContentView.swift */,
				4392F49627C8847C002F56D2 /* UnlockedScreenView.swift */,
			);
			path = Screens;
			sourceTree = "<group>";
		};
/* End PBXGroup section */

/* Begin PBXNativeTarget section */
		43B8CB0727BDFB6600383985 /* Old LockScreen */ = {
			isa = PBXNativeTarget;
			buildConfigurationList = 43B8CB2C27BDFB6900383985 /* Build configuration list for PBXNativeTarget "Old LockScreen" */;
			buildPhases = (
				43B8CB0427BDFB6600383985 /* Sources */,
				43B8CB0527BDFB6600383985 /* Frameworks */,
				43B8CB0627BDFB6600383985 /* Resources */,
			);
			buildRules = (
			);
			dependencies = (
			);
			name = "Old LockScreen";
			productName = "Old LockScreen";
			productReference = 43B8CB0827BDFB6600383985 /* Old LockScreen.app */;
			productType = "com.apple.product-type.application";
		};
		43B8CB1727BDFB6900383985 /* Old LockScreenTests */ = {
			isa = PBXNativeTarget;
			buildConfigurationList = 43B8CB2F27BDFB6900383985 /* Build configuration list for PBXNativeTarget "Old LockScreenTests" */;
			buildPhases = (
				43B8CB1427BDFB6900383985 /* Sources */,
				43B8CB1527BDFB6900383985 /* Frameworks */,
				43B8CB1627BDFB6900383985 /* Resources */,
			);
			buildRules = (
			);
			dependencies = (
				43B8CB1A27BDFB6900383985 /* PBXTargetDependency */,
			);
			name = "Old LockScreenTests";
			productName = "Old LockScreenTests";
			productReference = 43B8CB1827BDFB6900383985 /* Old LockScreenTests.xctest */;
			productType = "com.apple.product-type.bundle.unit-test";
		};
		43B8CB2127BDFB6900383985 /* Old LockScreenUITests */ = {
			isa = PBXNativeTarget;
			buildConfigurationList = 43B8CB3227BDFB6900383985 /* Build configuration list for PBXNativeTarget "Old LockScreenUITests" */;
			buildPhases = (
				43B8CB1E27BDFB6900383985 /* Sources */,
				43B8CB1F27BDFB6900383985 /* Frameworks */,
				43B8CB2027BDFB6900383985 /* Resources */,
			);
			buildRules = (
			);
			dependencies = (
				43B8CB2427BDFB6900383985 /* PBXTargetDependency */,
			);
			name = "Old LockScreenUITests";
			productName = "Old LockScreenUITests";
			productReference = 43B8CB2227BDFB6900383985 /* Old LockScreenUITests.xctest */;
			productType = "com.apple.product-type.bundle.ui-testing";
		};
/* End PBXNativeTarget section */

/* Begin PBXProject section */
		43B8CB0027BDFB6600383985 /* Project object */ = {
			isa = PBXProject;
			attributes = {
				BuildIndependentTargetsInParallel = 1;
				LastSwiftUpdateCheck = 1320;
				LastUpgradeCheck = 1320;
				TargetAttributes = {
					43B8CB0727BDFB6600383985 = {
						CreatedOnToolsVersion = 13.2.1;
					};
					43B8CB1727BDFB6900383985 = {
						CreatedOnToolsVersion = 13.2.1;
						TestTargetID = 43B8CB0727BDFB6600383985;
					};
					43B8CB2127BDFB6900383985 = {
						CreatedOnToolsVersion = 13.2.1;
						TestTargetID = 43B8CB0727BDFB6600383985;
					};
				};
			};
			buildConfigurationList = 43B8CB0327BDFB6600383985 /* Build configuration list for PBXProject "Old LockScreen" */;
			compatibilityVersion = "Xcode 13.0";
			developmentRegion = en;
			hasScannedForEncodings = 0;
			knownRegions = (
				en,
				Base,
			);
			mainGroup = 43B8CAFF27BDFB6600383985;
			productRefGroup = 43B8CB0927BDFB6600383985 /* Products */;
			projectDirPath = "";
			projectRoot = "";
			targets = (
				43B8CB0727BDFB6600383985 /* Old LockScreen */,
				43B8CB1727BDFB6900383985 /* Old LockScreenTests */,
				43B8CB2127BDFB6900383985 /* Old LockScreenUITests */,
			);
		};
/* End PBXProject section */

/* Begin PBXResourcesBuildPhase section */
		43B8CB0627BDFB6600383985 /* Resources */ = {
			isa = PBXResourcesBuildPhase;
			buildActionMask = 2147483647;
			files = (
				43B8CB1327BDFB6900383985 /* Preview Assets.xcassets in Resources */,
				43B8CB1027BDFB6800383985 /* Assets.xcassets in Resources */,
			);
			runOnlyForDeploymentPostprocessing = 0;
		};
		43B8CB1627BDFB6900383985 /* Resources */ = {
			isa = PBXResourcesBuildPhase;
			buildActionMask = 2147483647;
			files = (
			);
			runOnlyForDeploymentPostprocessing = 0;
		};
		43B8CB2027BDFB6900383985 /* Resources */ = {
			isa = PBXResourcesBuildPhase;
			buildActionMask = 2147483647;
			files = (
			);
			runOnlyForDeploymentPostprocessing = 0;
		};
/* End PBXResourcesBuildPhase section */

/* Begin PBXSourcesBuildPhase section */
		43B8CB0427BDFB6600383985 /* Sources */ = {
			isa = PBXSourcesBuildPhase;
			buildActionMask = 2147483647;
			files = (
				43B8CB3B27BE047C00383985 /* GetTime.swift in Sources */,
				43B8CB0E27BDFB6600383985 /* ContentView.swift in Sources */,
				43B8CB0C27BDFB6600383985 /* Old_LockScreenApp.swift in Sources */,
				4392F49727C8847C002F56D2 /* UnlockedScreenView.swift in Sources */,
				4392F49A27D3FDD9002F56D2 /* NotificationView.swift in Sources */,
			);
			runOnlyForDeploymentPostprocessing = 0;
		};
		43B8CB1427BDFB6900383985 /* Sources */ = {
			isa = PBXSourcesBuildPhase;
			buildActionMask = 2147483647;
			files = (
				43B8CB1D27BDFB6900383985 /* Old_LockScreenTests.swift in Sources */,
			);
			runOnlyForDeploymentPostprocessing = 0;
		};
		43B8CB1E27BDFB6900383985 /* Sources */ = {
			isa = PBXSourcesBuildPhase;
			buildActionMask = 2147483647;
			files = (
				43B8CB2727BDFB6900383985 /* Old_LockScreenUITests.swift in Sources */,
				43B8CB2927BDFB6900383985 /* Old_LockScreenUITestsLaunchTests.swift in Sources */,
			);
			runOnlyForDeploymentPostprocessing = 0;
		};
/* End PBXSourcesBuildPhase section */

/* Begin PBXTargetDependency section */
		43B8CB1A27BDFB6900383985 /* PBXTargetDependency */ = {
			isa = PBXTargetDependency;
			target = 43B8CB0727BDFB6600383985 /* Old LockScreen */;
			targetProxy = 43B8CB1927BDFB6900383985 /* PBXContainerItemProxy */;
		};
		43B8CB2427BDFB6900383985 /* PBXTargetDependency */ = {
			isa = PBXTargetDependency;
			target = 43B8CB0727BDFB6600383985 /* Old LockScreen */;
			targetProxy = 43B8CB2327BDFB6900383985 /* PBXContainerItemProxy */;
		};
/* End PBXTargetDependency section */

/* Begin XCBuildConfiguration section */
		43B8CB2A27BDFB6900383985 /* Debug */ = {
			isa = XCBuildConfiguration;
			buildSettings = {
				ALWAYS_SEARCH_USER_PATHS = NO;
				CLANG_ANALYZER_NONNULL = YES;
				CLANG_ANALYZER_NUMBER_OBJECT_CONVERSION = YES_AGGRESSIVE;
				CLANG_CXX_LANGUAGE_STANDARD = "gnu++17";
				CLANG_CXX_LIBRARY = "libc++";
				CLANG_ENABLE_MODULES = YES;
				CLANG_ENABLE_OBJC_ARC = YES;
				CLANG_ENABLE_OBJC_WEAK = YES;
				CLANG_WARN_BLOCK_CAPTURE_AUTORELEASING = YES;
				CLANG_WARN_BOOL_CONVERSION = YES;
				CLANG_WARN_COMMA = YES;
				CLANG_WARN_CONSTANT_CONVERSION = YES;
				CLANG_WARN_DEPRECATED_OBJC_IMPLEMENTATIONS = YES;
				CLANG_WARN_DIRECT_OBJC_ISA_USAGE = YES_ERROR;
				CLANG_WARN_DOCUMENTATION_COMMENTS = YES;
				CLANG_WARN_EMPTY_BODY = YES;
				CLANG_WARN_ENUM_CONVERSION = YES;
				CLANG_WARN_INFINITE_RECURSION = YES;
				CLANG_WARN_INT_CONVERSION = YES;
				CLANG_WARN_NON_LITERAL_NULL_CONVERSION = YES;
				CLANG_WARN_OBJC_IMPLICIT_RETAIN_SELF = YES;
				CLANG_WARN_OBJC_LITERAL_CONVERSION = YES;
				CLANG_WARN_OBJC_ROOT_CLASS = YES_ERROR;
				CLANG_WARN_QUOTED_INCLUDE_IN_FRAMEWORK_HEADER = YES;
				CLANG_WARN_RANGE_LOOP_ANALYSIS = YES;
				CLANG_WARN_STRICT_PROTOTYPES = YES;
				CLANG_WARN_SUSPICIOUS_MOVE = YES;
				CLANG_WARN_UNGUARDED_AVAILABILITY = YES_AGGRESSIVE;
				CLANG_WARN_UNREACHABLE_CODE = YES;
				CLANG_WARN__DUPLICATE_METHOD_MATCH = YES;
				COPY_PHASE_STRIP = NO;
				DEBUG_INFORMATION_FORMAT = dwarf;
				ENABLE_STRICT_OBJC_MSGSEND = YES;
				ENABLE_TESTABILITY = YES;
				GCC_C_LANGUAGE_STANDARD = gnu11;
				GCC_DYNAMIC_NO_PIC = NO;
				GCC_NO_COMMON_BLOCKS = YES;
				GCC_OPTIMIZATION_LEVEL = 0;
				GCC_PREPROCESSOR_DEFINITIONS = (
					"DEBUG=1",
					"$(inherited)",
				);
				GCC_WARN_64_TO_32_BIT_CONVERSION = YES;
				GCC_WARN_ABOUT_RETURN_TYPE = YES_ERROR;
				GCC_WARN_UNDECLARED_SELECTOR = YES;
				GCC_WARN_UNINITIALIZED_AUTOS = YES_AGGRESSIVE;
				GCC_WARN_UNUSED_FUNCTION = YES;
				GCC_WARN_UNUSED_VARIABLE = YES;
				IPHONEOS_DEPLOYMENT_TARGET = 15.2;
				MTL_ENABLE_DEBUG_INFO = INCLUDE_SOURCE;
				MTL_FAST_MATH = YES;
				ONLY_ACTIVE_ARCH = YES;
				SDKROOT = iphoneos;
				SWIFT_ACTIVE_COMPILATION_CONDITIONS = DEBUG;
				SWIFT_OPTIMIZATION_LEVEL = "-Onone";
			};
			name = Debug;
		};
		43B8CB2B27BDFB6900383985 /* Release */ = {
			isa = XCBuildConfiguration;
			buildSettings = {
				ALWAYS_SEARCH_USER_PATHS = NO;
				CLANG_ANALYZER_NONNULL = YES;
				CLANG_ANALYZER_NUMBER_OBJECT_CONVERSION = YES_AGGRESSIVE;
				CLANG_CXX_LANGUAGE_STANDARD = "gnu++17";
				CLANG_CXX_LIBRARY = "libc++";
				CLANG_ENABLE_MODULES = YES;
				CLANG_ENABLE_OBJC_ARC = YES;
				CLANG_ENABLE_OBJC_WEAK = YES;
				CLANG_WARN_BLOCK_CAPTURE_AUTORELEASING = YES;
				CLANG_WARN_BOOL_CONVERSION = YES;
				CLANG_WARN_COMMA = YES;
				CLANG_WARN_CONSTANT_CONVERSION = YES;
				CLANG_WARN_DEPRECATED_OBJC_IMPLEMENTATIONS = YES;
				CLANG_WARN_DIRECT_OBJC_ISA_USAGE = YES_ERROR;
				CLANG_WARN_DOCUMENTATION_COMMENTS = YES;
				CLANG_WARN_EMPTY_BODY = YES;
				CLANG_WARN_ENUM_CONVERSION = YES;
				CLANG_WARN_INFINITE_RECURSION = YES;
				CLANG_WARN_INT_CONVERSION = YES;
				CLANG_WARN_NON_LITERAL_NULL_CONVERSION = YES;
				CLANG_WARN_OBJC_IMPLICIT_RETAIN_SELF = YES;
				CLANG_WARN_OBJC_LITERAL_CONVERSION = YES;
				CLANG_WARN_OBJC_ROOT_CLASS = YES_ERROR;
				CLANG_WARN_QUOTED_INCLUDE_IN_FRAMEWORK_HEADER = YES;
				CLANG_WARN_RANGE_LOOP_ANALYSIS = YES;
				CLANG_WARN_STRICT_PROTOTYPES = YES;
				CLANG_WARN_SUSPICIOUS_MOVE = YES;
				CLANG_WARN_UNGUARDED_AVAILABILITY = YES_AGGRESSIVE;
				CLANG_WARN_UNREACHABLE_CODE = YES;
				CLANG_WARN__DUPLICATE_METHOD_MATCH = YES;
				COPY_PHASE_STRIP = NO;
				DEBUG_INFORMATION_FORMAT = "dwarf-with-dsym";
				ENABLE_NS_ASSERTIONS = NO;
				ENABLE_STRICT_OBJC_MSGSEND = YES;
				GCC_C_LANGUAGE_STANDARD = gnu11;
				GCC_NO_COMMON_BLOCKS = YES;
				GCC_WARN_64_TO_32_BIT_CONVERSION = YES;
				GCC_WARN_ABOUT_RETURN_TYPE = YES_ERROR;
				GCC_WARN_UNDECLARED_SELECTOR = YES;
				GCC_WARN_UNINITIALIZED_AUTOS = YES_AGGRESSIVE;
				GCC_WARN_UNUSED_FUNCTION = YES;
				GCC_WARN_UNUSED_VARIABLE = YES;
				IPHONEOS_DEPLOYMENT_TARGET = 15.2;
				MTL_ENABLE_DEBUG_INFO = NO;
				MTL_FAST_MATH = YES;
				SDKROOT = iphoneos;
				SWIFT_COMPILATION_MODE = wholemodule;
				SWIFT_OPTIMIZATION_LEVEL = "-O";
				VALIDATE_PRODUCT = YES;
			};
			name = Release;
		};
		43B8CB2D27BDFB6900383985 /* Debug */ = {
			isa = XCBuildConfiguration;
			buildSettings = {
				ASSETCATALOG_COMPILER_APPICON_NAME = AppIcon;
				ASSETCATALOG_COMPILER_GLOBAL_ACCENT_COLOR_NAME = AccentColor;
				CODE_SIGN_STYLE = Automatic;
				CURRENT_PROJECT_VERSION = 1;
				DEVELOPMENT_ASSET_PATHS = "\"Old LockScreen/Preview Content\"";
				DEVELOPMENT_TEAM = S2MZ49WTY5;
				ENABLE_PREVIEWS = YES;
				GENERATE_INFOPLIST_FILE = YES;
				INFOPLIST_KEY_UIApplicationSceneManifest_Generation = YES;
				INFOPLIST_KEY_UIApplicationSupportsIndirectInputEvents = YES;
				INFOPLIST_KEY_UILaunchScreen_Generation = YES;
				INFOPLIST_KEY_UISupportedInterfaceOrientations_iPad = "UIInterfaceOrientationPortrait UIInterfaceOrientationPortraitUpsideDown UIInterfaceOrientationLandscapeLeft UIInterfaceOrientationLandscapeRight";
				INFOPLIST_KEY_UISupportedInterfaceOrientations_iPhone = "UIInterfaceOrientationPortrait UIInterfaceOrientationLandscapeLeft UIInterfaceOrientationLandscapeRight";
				LD_RUNPATH_SEARCH_PATHS = (
					"$(inherited)",
					"@executable_path/Frameworks",
				);
				MARKETING_VERSION = 1.0;
				PRODUCT_BUNDLE_IDENTIFIER = "SnappyDevlpr.Old-LockScreen";
				PRODUCT_NAME = "$(TARGET_NAME)";
				SWIFT_EMIT_LOC_STRINGS = YES;
				SWIFT_VERSION = 5.0;
				TARGETED_DEVICE_FAMILY = "1,2";
			};
			name = Debug;
		};
		43B8CB2E27BDFB6900383985 /* Release */ = {
			isa = XCBuildConfiguration;
			buildSettings = {
				ASSETCATALOG_COMPILER_APPICON_NAME = AppIcon;
				ASSETCATALOG_COMPILER_GLOBAL_ACCENT_COLOR_NAME = AccentColor;
				CODE_SIGN_STYLE = Automatic;
				CURRENT_PROJECT_VERSION = 1;
				DEVELOPMENT_ASSET_PATHS = "\"Old LockScreen/Preview Content\"";
				DEVELOPMENT_TEAM = S2MZ49WTY5;
				ENABLE_PREVIEWS = YES;
				GENERATE_INFOPLIST_FILE = YES;
				INFOPLIST_KEY_UIApplicationSceneManifest_Generation = YES;
				INFOPLIST_KEY_UIApplicationSupportsIndirectInputEvents = YES;
				INFOPLIST_KEY_UILaunchScreen_Generation = YES;
				INFOPLIST_KEY_UISupportedInterfaceOrientations_iPad = "UIInterfaceOrientationPortrait UIInterfaceOrientationPortraitUpsideDown UIInterfaceOrientationLandscapeLeft UIInterfaceOrientationLandscapeRight";
				INFOPLIST_KEY_UISupportedInterfaceOrientations_iPhone = "UIInterfaceOrientationPortrait UIInterfaceOrientationLandscapeLeft UIInterfaceOrientationLandscapeRight";
				LD_RUNPATH_SEARCH_PATHS = (
					"$(inherited)",
					"@executable_path/Frameworks",
				);
				MARKETING_VERSION = 1.0;
				PRODUCT_BUNDLE_IDENTIFIER = "SnappyDevlpr.Old-LockScreen";
				PRODUCT_NAME = "$(TARGET_NAME)";
				SWIFT_EMIT_LOC_STRINGS = YES;
				SWIFT_VERSION = 5.0;
				TARGETED_DEVICE_FAMILY = "1,2";
			};
			name = Release;
		};
		43B8CB3027BDFB6900383985 /* Debug */ = {
			isa = XCBuildConfiguration;
			buildSettings = {
				ALWAYS_EMBED_SWIFT_STANDARD_LIBRARIES = YES;
				BUNDLE_LOADER = "$(TEST_HOST)";
				CODE_SIGN_STYLE = Automatic;
				CURRENT_PROJECT_VERSION = 1;
				DEVELOPMENT_TEAM = S2MZ49WTY5;
				GENERATE_INFOPLIST_FILE = YES;
				IPHONEOS_DEPLOYMENT_TARGET = 15.2;
				MARKETING_VERSION = 1.0;
				PRODUCT_BUNDLE_IDENTIFIER = "SnappyDevlpr.Old-LockScreenTests";
				PRODUCT_NAME = "$(TARGET_NAME)";
				SWIFT_EMIT_LOC_STRINGS = NO;
				SWIFT_VERSION = 5.0;
				TARGETED_DEVICE_FAMILY = "1,2";
				TEST_HOST = "$(BUILT_PRODUCTS_DIR)/Old LockScreen.app/Old LockScreen";
			};
			name = Debug;
		};
		43B8CB3127BDFB6900383985 /* Release */ = {
			isa = XCBuildConfiguration;
			buildSettings = {
				ALWAYS_EMBED_SWIFT_STANDARD_LIBRARIES = YES;
				BUNDLE_LOADER = "$(TEST_HOST)";
				CODE_SIGN_STYLE = Automatic;
				CURRENT_PROJECT_VERSION = 1;
				DEVELOPMENT_TEAM = S2MZ49WTY5;
				GENERATE_INFOPLIST_FILE = YES;
				IPHONEOS_DEPLOYMENT_TARGET = 15.2;
				MARKETING_VERSION = 1.0;
				PRODUCT_BUNDLE_IDENTIFIER = "SnappyDevlpr.Old-LockScreenTests";
				PRODUCT_NAME = "$(TARGET_NAME)";
				SWIFT_EMIT_LOC_STRINGS = NO;
				SWIFT_VERSION = 5.0;
				TARGETED_DEVICE_FAMILY = "1,2";
				TEST_HOST = "$(BUILT_PRODUCTS_DIR)/Old LockScreen.app/Old LockScreen";
			};
			name = Release;
		};
		43B8CB3327BDFB6900383985 /* Debug */ = {
			isa = XCBuildConfiguration;
			buildSettings = {
				ALWAYS_EMBED_SWIFT_STANDARD_LIBRARIES = YES;
				CODE_SIGN_STYLE = Automatic;
				CURRENT_PROJECT_VERSION = 1;
				DEVELOPMENT_TEAM = S2MZ49WTY5;
				GENERATE_INFOPLIST_FILE = YES;
				MARKETING_VERSION = 1.0;
				PRODUCT_BUNDLE_IDENTIFIER = "SnappyDevlpr.Old-LockScreenUITests";
				PRODUCT_NAME = "$(TARGET_NAME)";
				SWIFT_EMIT_LOC_STRINGS = NO;
				SWIFT_VERSION = 5.0;
				TARGETED_DEVICE_FAMILY = "1,2";
				TEST_TARGET_NAME = "Old LockScreen";
			};
			name = Debug;
		};
		43B8CB3427BDFB6900383985 /* Release */ = {
			isa = XCBuildConfiguration;
			buildSettings = {
				ALWAYS_EMBED_SWIFT_STANDARD_LIBRARIES = YES;
				CODE_SIGN_STYLE = Automatic;
				CURRENT_PROJECT_VERSION = 1;
				DEVELOPMENT_TEAM = S2MZ49WTY5;
				GENERATE_INFOPLIST_FILE = YES;
				MARKETING_VERSION = 1.0;
				PRODUCT_BUNDLE_IDENTIFIER = "SnappyDevlpr.Old-LockScreenUITests";
				PRODUCT_NAME = "$(TARGET_NAME)";
				SWIFT_EMIT_LOC_STRINGS = NO;
				SWIFT_VERSION = 5.0;
				TARGETED_DEVICE_FAMILY = "1,2";
				TEST_TARGET_NAME = "Old LockScreen";
			};
			name = Release;
		};
/* End XCBuildConfiguration section */

/* Begin XCConfigurationList section */
		43B8CB0327BDFB6600383985 /* Build configuration list for PBXProject "Old LockScreen" */ = {
			isa = XCConfigurationList;
			buildConfigurations = (
				43B8CB2A27BDFB6900383985 /* Debug */,
				43B8CB2B27BDFB6900383985 /* Release */,
			);
			defaultConfigurationIsVisible = 0;
			defaultConfigurationName = Release;
		};
		43B8CB2C27BDFB6900383985 /* Build configuration list for PBXNativeTarget "Old LockScreen" */ = {
			isa = XCConfigurationList;
			buildConfigurations = (
				43B8CB2D27BDFB6900383985 /* Debug */,
				43B8CB2E27BDFB6900383985 /* Release */,
			);
			defaultConfigurationIsVisible = 0;
			defaultConfigurationName = Release;
		};
		43B8CB2F27BDFB6900383985 /* Build configuration list for PBXNativeTarget "Old LockScreenTests" */ = {
			isa = XCConfigurationList;
			buildConfigurations = (
				43B8CB3027BDFB6900383985 /* Debug */,
				43B8CB3127BDFB6900383985 /* Release */,
			);
			defaultConfigurationIsVisible = 0;
			defaultConfigurationName = Release;
		};
		43B8CB3227BDFB6900383985 /* Build configuration list for PBXNativeTarget "Old LockScreenUITests" */ = {
			isa = XCConfigurationList;
			buildConfigurations = (
				43B8CB3327BDFB6900383985 /* Debug */,
				43B8CB3427BDFB6900383985 /* Release */,
			);
			defaultConfigurationIsVisible = 0;
			defaultConfigurationName = Release;
		};
/* End XCConfigurationList section */
	};
	rootObject = 43B8CB0027BDFB6600383985 /* Project object */;
}
